// !$*UTF8*$!
{
	archiveVersion = 1;
	classes = {
	};
	objectVersion = 50;
	objects = {

/* Begin PBXBuildFile section */
		2340993B247AB274006FF8BE /* BrightnessFilter.m in Sources */ = {isa = PBXBuildFile; fileRef = 2340993A247AB274006FF8BE /* BrightnessFilter.m */; };
		2340993E247AC864006FF8BE /* ColorInverseFilter.m in Sources */ = {isa = PBXBuildFile; fileRef = 2340993D247AC864006FF8BE /* ColorInverseFilter.m */; };
		239B999D24571B6200D77015 /* AppDelegate.m in Sources */ = {isa = PBXBuildFile; fileRef = 239B999C24571B6200D77015 /* AppDelegate.m */; };
		239B99A024571B6200D77015 /* SceneDelegate.m in Sources */ = {isa = PBXBuildFile; fileRef = 239B999F24571B6200D77015 /* SceneDelegate.m */; };
		239B99A324571B6200D77015 /* ViewController.m in Sources */ = {isa = PBXBuildFile; fileRef = 239B99A224571B6200D77015 /* ViewController.m */; };
		239B99A624571B6200D77015 /* Main.storyboard in Resources */ = {isa = PBXBuildFile; fileRef = 239B99A424571B6200D77015 /* Main.storyboard */; };
		239B99A824571B6300D77015 /* Assets.xcassets in Resources */ = {isa = PBXBuildFile; fileRef = 239B99A724571B6300D77015 /* Assets.xcassets */; };
		239B99AB24571B6300D77015 /* LaunchScreen.storyboard in Resources */ = {isa = PBXBuildFile; fileRef = 239B99A924571B6300D77015 /* LaunchScreen.storyboard */; };
		239B99AE24571B6300D77015 /* main.m in Sources */ = {isa = PBXBuildFile; fileRef = 239B99AD24571B6300D77015 /* main.m */; };
		239B9A2F245EC63E00D77015 /* Assets.xcassets in Resources */ = {isa = PBXBuildFile; fileRef = 239B9A21245EC63E00D77015 /* Assets.xcassets */; };
		239B9A30245EC63E00D77015 /* main.m in Sources */ = {isa = PBXBuildFile; fileRef = 239B9A22245EC63E00D77015 /* main.m */; };
		239B9A31245EC63E00D77015 /* LaunchScreen.storyboard in Resources */ = {isa = PBXBuildFile; fileRef = 239B9A24245EC63E00D77015 /* LaunchScreen.storyboard */; };
		239B9A32245EC63E00D77015 /* Main.storyboard in Resources */ = {isa = PBXBuildFile; fileRef = 239B9A26245EC63E00D77015 /* Main.storyboard */; };
		239B9A33245EC63E00D77015 /* SceneDelegate.m in Sources */ = {isa = PBXBuildFile; fileRef = 239B9A28245EC63E00D77015 /* SceneDelegate.m */; };
		239B9A35245EC63E00D77015 /* ViewController.m in Sources */ = {isa = PBXBuildFile; fileRef = 239B9A2B245EC63E00D77015 /* ViewController.m */; };
		239B9A36245EC63E00D77015 /* AppDelegate.m in Sources */ = {isa = PBXBuildFile; fileRef = 239B9A2C245EC63E00D77015 /* AppDelegate.m */; };
		239B9A3F246014DD00D77015 /* AppDelegate.m in Sources */ = {isa = PBXBuildFile; fileRef = 239B9A3E246014DD00D77015 /* AppDelegate.m */; };
		239B9A42246014DD00D77015 /* SceneDelegate.m in Sources */ = {isa = PBXBuildFile; fileRef = 239B9A41246014DD00D77015 /* SceneDelegate.m */; };
		239B9A45246014DD00D77015 /* ViewController.m in Sources */ = {isa = PBXBuildFile; fileRef = 239B9A44246014DD00D77015 /* ViewController.m */; };
		239B9A48246014DD00D77015 /* Main.storyboard in Resources */ = {isa = PBXBuildFile; fileRef = 239B9A46246014DD00D77015 /* Main.storyboard */; };
		239B9A4A246014DE00D77015 /* Assets.xcassets in Resources */ = {isa = PBXBuildFile; fileRef = 239B9A49246014DE00D77015 /* Assets.xcassets */; };
		239B9A4D246014DE00D77015 /* LaunchScreen.storyboard in Resources */ = {isa = PBXBuildFile; fileRef = 239B9A4B246014DE00D77015 /* LaunchScreen.storyboard */; };
		239B9A50246014DE00D77015 /* main.m in Sources */ = {isa = PBXBuildFile; fileRef = 239B9A4F246014DE00D77015 /* main.m */; };
		239B9A5C246075DD00D77015 /* AppDelegate.m in Sources */ = {isa = PBXBuildFile; fileRef = 239B9A5B246075DD00D77015 /* AppDelegate.m */; };
		239B9A5F246075DD00D77015 /* SceneDelegate.m in Sources */ = {isa = PBXBuildFile; fileRef = 239B9A5E246075DD00D77015 /* SceneDelegate.m */; };
		239B9A62246075DD00D77015 /* ViewController.m in Sources */ = {isa = PBXBuildFile; fileRef = 239B9A61246075DD00D77015 /* ViewController.m */; };
		239B9A65246075DD00D77015 /* Main.storyboard in Resources */ = {isa = PBXBuildFile; fileRef = 239B9A63246075DD00D77015 /* Main.storyboard */; };
		239B9A67246075DE00D77015 /* Assets.xcassets in Resources */ = {isa = PBXBuildFile; fileRef = 239B9A66246075DE00D77015 /* Assets.xcassets */; };
		239B9A6A246075DE00D77015 /* LaunchScreen.storyboard in Resources */ = {isa = PBXBuildFile; fileRef = 239B9A68246075DE00D77015 /* LaunchScreen.storyboard */; };
		239B9A6D246075DE00D77015 /* main.m in Sources */ = {isa = PBXBuildFile; fileRef = 239B9A6C246075DE00D77015 /* main.m */; };
		239B9A792461AF4800D77015 /* AppDelegate.m in Sources */ = {isa = PBXBuildFile; fileRef = 239B9A782461AF4800D77015 /* AppDelegate.m */; };
		239B9A7C2461AF4800D77015 /* SceneDelegate.m in Sources */ = {isa = PBXBuildFile; fileRef = 239B9A7B2461AF4800D77015 /* SceneDelegate.m */; };
		239B9A7F2461AF4800D77015 /* ViewController.m in Sources */ = {isa = PBXBuildFile; fileRef = 239B9A7E2461AF4800D77015 /* ViewController.m */; };
		239B9A822461AF4800D77015 /* Main.storyboard in Resources */ = {isa = PBXBuildFile; fileRef = 239B9A802461AF4800D77015 /* Main.storyboard */; };
		239B9A842461AF4900D77015 /* Assets.xcassets in Resources */ = {isa = PBXBuildFile; fileRef = 239B9A832461AF4900D77015 /* Assets.xcassets */; };
		239B9A872461AF4900D77015 /* LaunchScreen.storyboard in Resources */ = {isa = PBXBuildFile; fileRef = 239B9A852461AF4900D77015 /* LaunchScreen.storyboard */; };
		239B9A8A2461AF4900D77015 /* main.m in Sources */ = {isa = PBXBuildFile; fileRef = 239B9A892461AF4900D77015 /* main.m */; };
		239B9A8F2461B0D900D77015 /* wall.jpg in Resources */ = {isa = PBXBuildFile; fileRef = 239B9A8E2461B0D900D77015 /* wall.jpg */; };
		23F904A924797A8100F0C4E2 /* AppDelegate.m in Sources */ = {isa = PBXBuildFile; fileRef = 23F904A824797A8100F0C4E2 /* AppDelegate.m */; };
		23F904AC24797A8100F0C4E2 /* SceneDelegate.m in Sources */ = {isa = PBXBuildFile; fileRef = 23F904AB24797A8100F0C4E2 /* SceneDelegate.m */; };
		23F904AF24797A8100F0C4E2 /* ViewController.m in Sources */ = {isa = PBXBuildFile; fileRef = 23F904AE24797A8100F0C4E2 /* ViewController.m */; };
		23F904B224797A8100F0C4E2 /* Main.storyboard in Resources */ = {isa = PBXBuildFile; fileRef = 23F904B024797A8100F0C4E2 /* Main.storyboard */; };
		23F904B424797A8200F0C4E2 /* Assets.xcassets in Resources */ = {isa = PBXBuildFile; fileRef = 23F904B324797A8200F0C4E2 /* Assets.xcassets */; };
		23F904B724797A8200F0C4E2 /* LaunchScreen.storyboard in Resources */ = {isa = PBXBuildFile; fileRef = 23F904B524797A8200F0C4E2 /* LaunchScreen.storyboard */; };
		23F904BA24797A8200F0C4E2 /* main.m in Sources */ = {isa = PBXBuildFile; fileRef = 23F904B924797A8200F0C4E2 /* main.m */; };
		23F904C024797A9D00F0C4E2 /* RenderView.m in Sources */ = {isa = PBXBuildFile; fileRef = 23F904BF24797A9D00F0C4E2 /* RenderView.m */; };
		23F904C124798BAA00F0C4E2 /* wall.jpg in Resources */ = {isa = PBXBuildFile; fileRef = 239B9A8E2461B0D900D77015 /* wall.jpg */; };
/* End PBXBuildFile section */

/* Begin PBXFileReference section */
		23409939247AB274006FF8BE /* BrightnessFilter.h */ = {isa = PBXFileReference; lastKnownFileType = sourcecode.c.h; path = BrightnessFilter.h; sourceTree = "<group>"; };
		2340993A247AB274006FF8BE /* BrightnessFilter.m */ = {isa = PBXFileReference; lastKnownFileType = sourcecode.c.objc; path = BrightnessFilter.m; sourceTree = "<group>"; };
		2340993C247AC864006FF8BE /* ColorInverseFilter.h */ = {isa = PBXFileReference; lastKnownFileType = sourcecode.c.h; path = ColorInverseFilter.h; sourceTree = "<group>"; };
		2340993D247AC864006FF8BE /* ColorInverseFilter.m */ = {isa = PBXFileReference; lastKnownFileType = sourcecode.c.objc; path = ColorInverseFilter.m; sourceTree = "<group>"; };
		239B999924571B6200D77015 /* Unit1-DrawTriangle.app */ = {isa = PBXFileReference; explicitFileType = wrapper.application; includeInIndex = 0; path = "Unit1-DrawTriangle.app"; sourceTree = BUILT_PRODUCTS_DIR; };
		239B999B24571B6200D77015 /* AppDelegate.h */ = {isa = PBXFileReference; lastKnownFileType = sourcecode.c.h; path = AppDelegate.h; sourceTree = "<group>"; };
		239B999C24571B6200D77015 /* AppDelegate.m */ = {isa = PBXFileReference; lastKnownFileType = sourcecode.c.objc; path = AppDelegate.m; sourceTree = "<group>"; };
		239B999E24571B6200D77015 /* SceneDelegate.h */ = {isa = PBXFileReference; lastKnownFileType = sourcecode.c.h; path = SceneDelegate.h; sourceTree = "<group>"; };
		239B999F24571B6200D77015 /* SceneDelegate.m */ = {isa = PBXFileReference; lastKnownFileType = sourcecode.c.objc; path = SceneDelegate.m; sourceTree = "<group>"; };
		239B99A124571B6200D77015 /* ViewController.h */ = {isa = PBXFileReference; lastKnownFileType = sourcecode.c.h; path = ViewController.h; sourceTree = "<group>"; };
		239B99A224571B6200D77015 /* ViewController.m */ = {isa = PBXFileReference; lastKnownFileType = sourcecode.c.objc; path = ViewController.m; sourceTree = "<group>"; };
		239B99A524571B6200D77015 /* Base */ = {isa = PBXFileReference; lastKnownFileType = file.storyboard; name = Base; path = Base.lproj/Main.storyboard; sourceTree = "<group>"; };
		239B99A724571B6300D77015 /* Assets.xcassets */ = {isa = PBXFileReference; lastKnownFileType = folder.assetcatalog; path = Assets.xcassets; sourceTree = "<group>"; };
		239B99AA24571B6300D77015 /* Base */ = {isa = PBXFileReference; lastKnownFileType = file.storyboard; name = Base; path = Base.lproj/LaunchScreen.storyboard; sourceTree = "<group>"; };
		239B99AC24571B6300D77015 /* Info.plist */ = {isa = PBXFileReference; lastKnownFileType = text.plist.xml; path = Info.plist; sourceTree = "<group>"; };
		239B99AD24571B6300D77015 /* main.m */ = {isa = PBXFileReference; lastKnownFileType = sourcecode.c.objc; path = main.m; sourceTree = "<group>"; };
		239B9A08245EC61700D77015 /* Unit2-VertexAttributes.app */ = {isa = PBXFileReference; explicitFileType = wrapper.application; includeInIndex = 0; path = "Unit2-VertexAttributes.app"; sourceTree = BUILT_PRODUCTS_DIR; };
		239B9A21245EC63E00D77015 /* Assets.xcassets */ = {isa = PBXFileReference; lastKnownFileType = folder.assetcatalog; path = Assets.xcassets; sourceTree = "<group>"; };
		239B9A22245EC63E00D77015 /* main.m */ = {isa = PBXFileReference; fileEncoding = 4; lastKnownFileType = sourcecode.c.objc; path = main.m; sourceTree = "<group>"; };
		239B9A25245EC63E00D77015 /* Base */ = {isa = PBXFileReference; lastKnownFileType = file.storyboard; name = Base; path = LaunchScreen.storyboard; sourceTree = "<group>"; };
		239B9A27245EC63E00D77015 /* Base */ = {isa = PBXFileReference; lastKnownFileType = file.storyboard; name = Base; path = Main.storyboard; sourceTree = "<group>"; };
		239B9A28245EC63E00D77015 /* SceneDelegate.m */ = {isa = PBXFileReference; fileEncoding = 4; lastKnownFileType = sourcecode.c.objc; path = SceneDelegate.m; sourceTree = "<group>"; };
		239B9A29245EC63E00D77015 /* Info.plist */ = {isa = PBXFileReference; fileEncoding = 4; lastKnownFileType = text.plist.xml; path = Info.plist; sourceTree = "<group>"; };
		239B9A2A245EC63E00D77015 /* SceneDelegate.h */ = {isa = PBXFileReference; fileEncoding = 4; lastKnownFileType = sourcecode.c.h; path = SceneDelegate.h; sourceTree = "<group>"; };
		239B9A2B245EC63E00D77015 /* ViewController.m */ = {isa = PBXFileReference; fileEncoding = 4; lastKnownFileType = sourcecode.c.objc; path = ViewController.m; sourceTree = "<group>"; };
		239B9A2C245EC63E00D77015 /* AppDelegate.m */ = {isa = PBXFileReference; fileEncoding = 4; lastKnownFileType = sourcecode.c.objc; path = AppDelegate.m; sourceTree = "<group>"; };
		239B9A2D245EC63E00D77015 /* AppDelegate.h */ = {isa = PBXFileReference; fileEncoding = 4; lastKnownFileType = sourcecode.c.h; path = AppDelegate.h; sourceTree = "<group>"; };
		239B9A2E245EC63E00D77015 /* ViewController.h */ = {isa = PBXFileReference; fileEncoding = 4; lastKnownFileType = sourcecode.c.h; path = ViewController.h; sourceTree = "<group>"; };
		239B9A3B246014DD00D77015 /* Unit3-Instancies.app */ = {isa = PBXFileReference; explicitFileType = wrapper.application; includeInIndex = 0; path = "Unit3-Instancies.app"; sourceTree = BUILT_PRODUCTS_DIR; };
		239B9A3D246014DD00D77015 /* AppDelegate.h */ = {isa = PBXFileReference; lastKnownFileType = sourcecode.c.h; path = AppDelegate.h; sourceTree = "<group>"; };
		239B9A3E246014DD00D77015 /* AppDelegate.m */ = {isa = PBXFileReference; lastKnownFileType = sourcecode.c.objc; path = AppDelegate.m; sourceTree = "<group>"; };
		239B9A40246014DD00D77015 /* SceneDelegate.h */ = {isa = PBXFileReference; lastKnownFileType = sourcecode.c.h; path = SceneDelegate.h; sourceTree = "<group>"; };
		239B9A41246014DD00D77015 /* SceneDelegate.m */ = {isa = PBXFileReference; lastKnownFileType = sourcecode.c.objc; path = SceneDelegate.m; sourceTree = "<group>"; };
		239B9A43246014DD00D77015 /* ViewController.h */ = {isa = PBXFileReference; lastKnownFileType = sourcecode.c.h; path = ViewController.h; sourceTree = "<group>"; };
		239B9A44246014DD00D77015 /* ViewController.m */ = {isa = PBXFileReference; lastKnownFileType = sourcecode.c.objc; path = ViewController.m; sourceTree = "<group>"; };
		239B9A47246014DD00D77015 /* Base */ = {isa = PBXFileReference; lastKnownFileType = file.storyboard; name = Base; path = Base.lproj/Main.storyboard; sourceTree = "<group>"; };
		239B9A49246014DE00D77015 /* Assets.xcassets */ = {isa = PBXFileReference; lastKnownFileType = folder.assetcatalog; path = Assets.xcassets; sourceTree = "<group>"; };
		239B9A4C246014DE00D77015 /* Base */ = {isa = PBXFileReference; lastKnownFileType = file.storyboard; name = Base; path = Base.lproj/LaunchScreen.storyboard; sourceTree = "<group>"; };
		239B9A4E246014DE00D77015 /* Info.plist */ = {isa = PBXFileReference; lastKnownFileType = text.plist.xml; path = Info.plist; sourceTree = "<group>"; };
		239B9A4F246014DE00D77015 /* main.m */ = {isa = PBXFileReference; lastKnownFileType = sourcecode.c.objc; path = main.m; sourceTree = "<group>"; };
		239B9A58246075DD00D77015 /* Unit4.1-Transition.app */ = {isa = PBXFileReference; explicitFileType = wrapper.application; includeInIndex = 0; path = "Unit4.1-Transition.app"; sourceTree = BUILT_PRODUCTS_DIR; };
		239B9A5A246075DD00D77015 /* AppDelegate.h */ = {isa = PBXFileReference; lastKnownFileType = sourcecode.c.h; path = AppDelegate.h; sourceTree = "<group>"; };
		239B9A5B246075DD00D77015 /* AppDelegate.m */ = {isa = PBXFileReference; lastKnownFileType = sourcecode.c.objc; path = AppDelegate.m; sourceTree = "<group>"; };
		239B9A5D246075DD00D77015 /* SceneDelegate.h */ = {isa = PBXFileReference; lastKnownFileType = sourcecode.c.h; path = SceneDelegate.h; sourceTree = "<group>"; };
		239B9A5E246075DD00D77015 /* SceneDelegate.m */ = {isa = PBXFileReference; lastKnownFileType = sourcecode.c.objc; path = SceneDelegate.m; sourceTree = "<group>"; };
		239B9A60246075DD00D77015 /* ViewController.h */ = {isa = PBXFileReference; lastKnownFileType = sourcecode.c.h; path = ViewController.h; sourceTree = "<group>"; };
		239B9A61246075DD00D77015 /* ViewController.m */ = {isa = PBXFileReference; lastKnownFileType = sourcecode.c.objc; path = ViewController.m; sourceTree = "<group>"; };
		239B9A64246075DD00D77015 /* Base */ = {isa = PBXFileReference; lastKnownFileType = file.storyboard; name = Base; path = Base.lproj/Main.storyboard; sourceTree = "<group>"; };
		239B9A66246075DE00D77015 /* Assets.xcassets */ = {isa = PBXFileReference; lastKnownFileType = folder.assetcatalog; path = Assets.xcassets; sourceTree = "<group>"; };
		239B9A69246075DE00D77015 /* Base */ = {isa = PBXFileReference; lastKnownFileType = file.storyboard; name = Base; path = Base.lproj/LaunchScreen.storyboard; sourceTree = "<group>"; };
		239B9A6B246075DE00D77015 /* Info.plist */ = {isa = PBXFileReference; lastKnownFileType = text.plist.xml; path = Info.plist; sourceTree = "<group>"; };
		239B9A6C246075DE00D77015 /* main.m */ = {isa = PBXFileReference; lastKnownFileType = sourcecode.c.objc; path = main.m; sourceTree = "<group>"; };
		239B9A752461AF4800D77015 /* Unit5-Texture.app */ = {isa = PBXFileReference; explicitFileType = wrapper.application; includeInIndex = 0; path = "Unit5-Texture.app"; sourceTree = BUILT_PRODUCTS_DIR; };
		239B9A772461AF4800D77015 /* AppDelegate.h */ = {isa = PBXFileReference; lastKnownFileType = sourcecode.c.h; path = AppDelegate.h; sourceTree = "<group>"; };
		239B9A782461AF4800D77015 /* AppDelegate.m */ = {isa = PBXFileReference; lastKnownFileType = sourcecode.c.objc; path = AppDelegate.m; sourceTree = "<group>"; };
		239B9A7A2461AF4800D77015 /* SceneDelegate.h */ = {isa = PBXFileReference; lastKnownFileType = sourcecode.c.h; path = SceneDelegate.h; sourceTree = "<group>"; };
		239B9A7B2461AF4800D77015 /* SceneDelegate.m */ = {isa = PBXFileReference; lastKnownFileType = sourcecode.c.objc; path = SceneDelegate.m; sourceTree = "<group>"; };
		239B9A7D2461AF4800D77015 /* ViewController.h */ = {isa = PBXFileReference; lastKnownFileType = sourcecode.c.h; path = ViewController.h; sourceTree = "<group>"; };
		239B9A7E2461AF4800D77015 /* ViewController.m */ = {isa = PBXFileReference; lastKnownFileType = sourcecode.c.objc; path = ViewController.m; sourceTree = "<group>"; };
		239B9A812461AF4800D77015 /* Base */ = {isa = PBXFileReference; lastKnownFileType = file.storyboard; name = Base; path = Base.lproj/Main.storyboard; sourceTree = "<group>"; };
		239B9A832461AF4900D77015 /* Assets.xcassets */ = {isa = PBXFileReference; lastKnownFileType = folder.assetcatalog; path = Assets.xcassets; sourceTree = "<group>"; };
		239B9A862461AF4900D77015 /* Base */ = {isa = PBXFileReference; lastKnownFileType = file.storyboard; name = Base; path = Base.lproj/LaunchScreen.storyboard; sourceTree = "<group>"; };
		239B9A882461AF4900D77015 /* Info.plist */ = {isa = PBXFileReference; lastKnownFileType = text.plist.xml; path = Info.plist; sourceTree = "<group>"; };
		239B9A892461AF4900D77015 /* main.m */ = {isa = PBXFileReference; lastKnownFileType = sourcecode.c.objc; path = main.m; sourceTree = "<group>"; };
		239B9A8E2461B0D900D77015 /* wall.jpg */ = {isa = PBXFileReference; lastKnownFileType = image.jpeg; path = wall.jpg; sourceTree = "<group>"; };
		23F904A524797A8100F0C4E2 /* GPUImage-RenderUseFramebuffer.app */ = {isa = PBXFileReference; explicitFileType = wrapper.application; includeInIndex = 0; path = "GPUImage-RenderUseFramebuffer.app"; sourceTree = BUILT_PRODUCTS_DIR; };
		23F904A724797A8100F0C4E2 /* AppDelegate.h */ = {isa = PBXFileReference; lastKnownFileType = sourcecode.c.h; path = AppDelegate.h; sourceTree = "<group>"; };
		23F904A824797A8100F0C4E2 /* AppDelegate.m */ = {isa = PBXFileReference; lastKnownFileType = sourcecode.c.objc; path = AppDelegate.m; sourceTree = "<group>"; };
		23F904AA24797A8100F0C4E2 /* SceneDelegate.h */ = {isa = PBXFileReference; lastKnownFileType = sourcecode.c.h; path = SceneDelegate.h; sourceTree = "<group>"; };
		23F904AB24797A8100F0C4E2 /* SceneDelegate.m */ = {isa = PBXFileReference; lastKnownFileType = sourcecode.c.objc; path = SceneDelegate.m; sourceTree = "<group>"; };
		23F904AD24797A8100F0C4E2 /* ViewController.h */ = {isa = PBXFileReference; lastKnownFileType = sourcecode.c.h; path = ViewController.h; sourceTree = "<group>"; };
		23F904AE24797A8100F0C4E2 /* ViewController.m */ = {isa = PBXFileReference; lastKnownFileType = sourcecode.c.objc; path = ViewController.m; sourceTree = "<group>"; };
		23F904B124797A8100F0C4E2 /* Base */ = {isa = PBXFileReference; lastKnownFileType = file.storyboard; name = Base; path = Base.lproj/Main.storyboard; sourceTree = "<group>"; };
		23F904B324797A8200F0C4E2 /* Assets.xcassets */ = {isa = PBXFileReference; lastKnownFileType = folder.assetcatalog; path = Assets.xcassets; sourceTree = "<group>"; };
		23F904B624797A8200F0C4E2 /* Base */ = {isa = PBXFileReference; lastKnownFileType = file.storyboard; name = Base; path = Base.lproj/LaunchScreen.storyboard; sourceTree = "<group>"; };
		23F904B824797A8200F0C4E2 /* Info.plist */ = {isa = PBXFileReference; lastKnownFileType = text.plist.xml; path = Info.plist; sourceTree = "<group>"; };
		23F904B924797A8200F0C4E2 /* main.m */ = {isa = PBXFileReference; lastKnownFileType = sourcecode.c.objc; path = main.m; sourceTree = "<group>"; };
		23F904BE24797A9D00F0C4E2 /* RenderView.h */ = {isa = PBXFileReference; lastKnownFileType = sourcecode.c.h; path = RenderView.h; sourceTree = "<group>"; };
		23F904BF24797A9D00F0C4E2 /* RenderView.m */ = {isa = PBXFileReference; lastKnownFileType = sourcecode.c.objc; path = RenderView.m; sourceTree = "<group>"; };
/* End PBXFileReference section */

/* Begin PBXFrameworksBuildPhase section */
		239B999624571B6200D77015 /* Frameworks */ = {
			isa = PBXFrameworksBuildPhase;
			buildActionMask = 2147483647;
			files = (
			);
			runOnlyForDeploymentPostprocessing = 0;
		};
		239B9A05245EC61700D77015 /* Frameworks */ = {
			isa = PBXFrameworksBuildPhase;
			buildActionMask = 2147483647;
			files = (
			);
			runOnlyForDeploymentPostprocessing = 0;
		};
		239B9A38246014DD00D77015 /* Frameworks */ = {
			isa = PBXFrameworksBuildPhase;
			buildActionMask = 2147483647;
			files = (
			);
			runOnlyForDeploymentPostprocessing = 0;
		};
		239B9A55246075DD00D77015 /* Frameworks */ = {
			isa = PBXFrameworksBuildPhase;
			buildActionMask = 2147483647;
			files = (
			);
			runOnlyForDeploymentPostprocessing = 0;
		};
		239B9A722461AF4800D77015 /* Frameworks */ = {
			isa = PBXFrameworksBuildPhase;
			buildActionMask = 2147483647;
			files = (
			);
			runOnlyForDeploymentPostprocessing = 0;
		};
		23F904A224797A8100F0C4E2 /* Frameworks */ = {
			isa = PBXFrameworksBuildPhase;
			buildActionMask = 2147483647;
			files = (
			);
			runOnlyForDeploymentPostprocessing = 0;
		};
/* End PBXFrameworksBuildPhase section */

/* Begin PBXGroup section */
		239B997024571B0200D77015 = {
			isa = PBXGroup;
			children = (
				239B999A24571B6200D77015 /* Unit1-DrawTriangle */,
				239B9A09245EC61700D77015 /* Unit2-VertexAttributes */,
				239B9A3C246014DD00D77015 /* Unit3-Instancies */,
				239B9A59246075DD00D77015 /* Unit4.1-Transition */,
				239B9A762461AF4800D77015 /* Unit5-Texture */,
				23F904A624797A8100F0C4E2 /* GPUImage-RenderUseFramebuffer */,
				239B997A24571B0200D77015 /* Products */,
			);
			sourceTree = "<group>";
		};
		239B997A24571B0200D77015 /* Products */ = {
			isa = PBXGroup;
			children = (
				239B999924571B6200D77015 /* Unit1-DrawTriangle.app */,
				239B9A08245EC61700D77015 /* Unit2-VertexAttributes.app */,
				239B9A3B246014DD00D77015 /* Unit3-Instancies.app */,
				239B9A58246075DD00D77015 /* Unit4.1-Transition.app */,
				239B9A752461AF4800D77015 /* Unit5-Texture.app */,
				23F904A524797A8100F0C4E2 /* GPUImage-RenderUseFramebuffer.app */,
			);
			name = Products;
			sourceTree = "<group>";
		};
		239B999A24571B6200D77015 /* Unit1-DrawTriangle */ = {
			isa = PBXGroup;
			children = (
				239B999B24571B6200D77015 /* AppDelegate.h */,
				239B999C24571B6200D77015 /* AppDelegate.m */,
				239B999E24571B6200D77015 /* SceneDelegate.h */,
				239B999F24571B6200D77015 /* SceneDelegate.m */,
				239B99A124571B6200D77015 /* ViewController.h */,
				239B99A224571B6200D77015 /* ViewController.m */,
				239B99A424571B6200D77015 /* Main.storyboard */,
				239B99A724571B6300D77015 /* Assets.xcassets */,
				239B99A924571B6300D77015 /* LaunchScreen.storyboard */,
				239B99AC24571B6300D77015 /* Info.plist */,
				239B99AD24571B6300D77015 /* main.m */,
			);
			path = "Unit1-DrawTriangle";
			sourceTree = "<group>";
		};
		239B9A09245EC61700D77015 /* Unit2-VertexAttributes */ = {
			isa = PBXGroup;
			children = (
				239B9A2D245EC63E00D77015 /* AppDelegate.h */,
				239B9A2C245EC63E00D77015 /* AppDelegate.m */,
				239B9A21245EC63E00D77015 /* Assets.xcassets */,
				239B9A23245EC63E00D77015 /* Base.lproj */,
				239B9A29245EC63E00D77015 /* Info.plist */,
				239B9A22245EC63E00D77015 /* main.m */,
				239B9A2A245EC63E00D77015 /* SceneDelegate.h */,
				239B9A28245EC63E00D77015 /* SceneDelegate.m */,
				239B9A2E245EC63E00D77015 /* ViewController.h */,
				239B9A2B245EC63E00D77015 /* ViewController.m */,
			);
			path = "Unit2-VertexAttributes";
			sourceTree = "<group>";
		};
		239B9A23245EC63E00D77015 /* Base.lproj */ = {
			isa = PBXGroup;
			children = (
				239B9A24245EC63E00D77015 /* LaunchScreen.storyboard */,
				239B9A26245EC63E00D77015 /* Main.storyboard */,
			);
			path = Base.lproj;
			sourceTree = "<group>";
		};
		239B9A3C246014DD00D77015 /* Unit3-Instancies */ = {
			isa = PBXGroup;
			children = (
				239B9A3D246014DD00D77015 /* AppDelegate.h */,
				239B9A3E246014DD00D77015 /* AppDelegate.m */,
				239B9A40246014DD00D77015 /* SceneDelegate.h */,
				239B9A41246014DD00D77015 /* SceneDelegate.m */,
				239B9A43246014DD00D77015 /* ViewController.h */,
				239B9A44246014DD00D77015 /* ViewController.m */,
				239B9A46246014DD00D77015 /* Main.storyboard */,
				239B9A49246014DE00D77015 /* Assets.xcassets */,
				239B9A4B246014DE00D77015 /* LaunchScreen.storyboard */,
				239B9A4E246014DE00D77015 /* Info.plist */,
				239B9A4F246014DE00D77015 /* main.m */,
			);
			path = "Unit3-Instancies";
			sourceTree = "<group>";
		};
		239B9A59246075DD00D77015 /* Unit4.1-Transition */ = {
			isa = PBXGroup;
			children = (
				239B9A5A246075DD00D77015 /* AppDelegate.h */,
				239B9A5B246075DD00D77015 /* AppDelegate.m */,
				239B9A5D246075DD00D77015 /* SceneDelegate.h */,
				239B9A5E246075DD00D77015 /* SceneDelegate.m */,
				239B9A60246075DD00D77015 /* ViewController.h */,
				239B9A61246075DD00D77015 /* ViewController.m */,
				239B9A63246075DD00D77015 /* Main.storyboard */,
				239B9A66246075DE00D77015 /* Assets.xcassets */,
				239B9A68246075DE00D77015 /* LaunchScreen.storyboard */,
				239B9A6B246075DE00D77015 /* Info.plist */,
				239B9A6C246075DE00D77015 /* main.m */,
			);
			path = "Unit4.1-Transition";
			sourceTree = "<group>";
		};
		239B9A762461AF4800D77015 /* Unit5-Texture */ = {
			isa = PBXGroup;
			children = (
				239B9A772461AF4800D77015 /* AppDelegate.h */,
				239B9A782461AF4800D77015 /* AppDelegate.m */,
				239B9A7A2461AF4800D77015 /* SceneDelegate.h */,
				239B9A7B2461AF4800D77015 /* SceneDelegate.m */,
				239B9A7D2461AF4800D77015 /* ViewController.h */,
				239B9A7E2461AF4800D77015 /* ViewController.m */,
				239B9A802461AF4800D77015 /* Main.storyboard */,
				239B9A832461AF4900D77015 /* Assets.xcassets */,
				239B9A852461AF4900D77015 /* LaunchScreen.storyboard */,
				239B9A8E2461B0D900D77015 /* wall.jpg */,
				239B9A882461AF4900D77015 /* Info.plist */,
				239B9A892461AF4900D77015 /* main.m */,
			);
			path = "Unit5-Texture";
			sourceTree = "<group>";
		};
		23F904A624797A8100F0C4E2 /* GPUImage-RenderUseFramebuffer */ = {
			isa = PBXGroup;
			children = (
				23F904A724797A8100F0C4E2 /* AppDelegate.h */,
				23F904A824797A8100F0C4E2 /* AppDelegate.m */,
				23F904AA24797A8100F0C4E2 /* SceneDelegate.h */,
				23F904AB24797A8100F0C4E2 /* SceneDelegate.m */,
				23F904AD24797A8100F0C4E2 /* ViewController.h */,
				23F904AE24797A8100F0C4E2 /* ViewController.m */,
				23409939247AB274006FF8BE /* BrightnessFilter.h */,
				2340993A247AB274006FF8BE /* BrightnessFilter.m */,
				2340993C247AC864006FF8BE /* ColorInverseFilter.h */,
				2340993D247AC864006FF8BE /* ColorInverseFilter.m */,
				23F904BE24797A9D00F0C4E2 /* RenderView.h */,
				23F904BF24797A9D00F0C4E2 /* RenderView.m */,
				23F904B024797A8100F0C4E2 /* Main.storyboard */,
				23F904B324797A8200F0C4E2 /* Assets.xcassets */,
				23F904B524797A8200F0C4E2 /* LaunchScreen.storyboard */,
				23F904B824797A8200F0C4E2 /* Info.plist */,
				23F904B924797A8200F0C4E2 /* main.m */,
			);
			path = "GPUImage-RenderUseFramebuffer";
			sourceTree = "<group>";
		};
/* End PBXGroup section */

/* Begin PBXNativeTarget section */
		239B999824571B6200D77015 /* Unit1-DrawTriangle */ = {
			isa = PBXNativeTarget;
			buildConfigurationList = 239B99AF24571B6300D77015 /* Build configuration list for PBXNativeTarget "Unit1-DrawTriangle" */;
			buildPhases = (
				239B999524571B6200D77015 /* Sources */,
				239B999624571B6200D77015 /* Frameworks */,
				239B999724571B6200D77015 /* Resources */,
			);
			buildRules = (
			);
			dependencies = (
			);
			name = "Unit1-DrawTriangle";
			productName = "Unit1-DrawTriangle";
			productReference = 239B999924571B6200D77015 /* Unit1-DrawTriangle.app */;
			productType = "com.apple.product-type.application";
		};
		239B9A07245EC61700D77015 /* Unit2-VertexAttributes */ = {
			isa = PBXNativeTarget;
			buildConfigurationList = 239B9A1E245EC61700D77015 /* Build configuration list for PBXNativeTarget "Unit2-VertexAttributes" */;
			buildPhases = (
				239B9A04245EC61700D77015 /* Sources */,
				239B9A05245EC61700D77015 /* Frameworks */,
				239B9A06245EC61700D77015 /* Resources */,
			);
			buildRules = (
			);
			dependencies = (
			);
			name = "Unit2-VertexAttributes";
			productName = "Unit2-VertexAttributes";
			productReference = 239B9A08245EC61700D77015 /* Unit2-VertexAttributes.app */;
			productType = "com.apple.product-type.application";
		};
		239B9A3A246014DD00D77015 /* Unit3-Instancies */ = {
			isa = PBXNativeTarget;
			buildConfigurationList = 239B9A53246014DE00D77015 /* Build configuration list for PBXNativeTarget "Unit3-Instancies" */;
			buildPhases = (
				239B9A37246014DD00D77015 /* Sources */,
				239B9A38246014DD00D77015 /* Frameworks */,
				239B9A39246014DD00D77015 /* Resources */,
			);
			buildRules = (
			);
			dependencies = (
			);
			name = "Unit3-Instancies";
			productName = "Unit3-Instancies";
			productReference = 239B9A3B246014DD00D77015 /* Unit3-Instancies.app */;
			productType = "com.apple.product-type.application";
		};
		239B9A57246075DD00D77015 /* Unit4.1-Transition */ = {
			isa = PBXNativeTarget;
			buildConfigurationList = 239B9A70246075DE00D77015 /* Build configuration list for PBXNativeTarget "Unit4.1-Transition" */;
			buildPhases = (
				239B9A54246075DD00D77015 /* Sources */,
				239B9A55246075DD00D77015 /* Frameworks */,
				239B9A56246075DD00D77015 /* Resources */,
			);
			buildRules = (
			);
			dependencies = (
			);
			name = "Unit4.1-Transition";
			productName = "Unit4.1-Transition";
			productReference = 239B9A58246075DD00D77015 /* Unit4.1-Transition.app */;
			productType = "com.apple.product-type.application";
		};
		239B9A742461AF4800D77015 /* Unit5-Texture */ = {
			isa = PBXNativeTarget;
			buildConfigurationList = 239B9A8D2461AF4900D77015 /* Build configuration list for PBXNativeTarget "Unit5-Texture" */;
			buildPhases = (
				239B9A712461AF4800D77015 /* Sources */,
				239B9A722461AF4800D77015 /* Frameworks */,
				239B9A732461AF4800D77015 /* Resources */,
			);
			buildRules = (
			);
			dependencies = (
			);
			name = "Unit5-Texture";
			productName = "Unit5-Texture";
			productReference = 239B9A752461AF4800D77015 /* Unit5-Texture.app */;
			productType = "com.apple.product-type.application";
		};
		23F904A424797A8100F0C4E2 /* GPUImage-RenderUseFramebuffer */ = {
			isa = PBXNativeTarget;
			buildConfigurationList = 23F904BD24797A8200F0C4E2 /* Build configuration list for PBXNativeTarget "GPUImage-RenderUseFramebuffer" */;
			buildPhases = (
				23F904A124797A8100F0C4E2 /* Sources */,
				23F904A224797A8100F0C4E2 /* Frameworks */,
				23F904A324797A8100F0C4E2 /* Resources */,
			);
			buildRules = (
			);
			dependencies = (
			);
			name = "GPUImage-RenderUseFramebuffer";
			productName = "GPUImage-RenderUseFramebuffer";
			productReference = 23F904A524797A8100F0C4E2 /* GPUImage-RenderUseFramebuffer.app */;
			productType = "com.apple.product-type.application";
		};
/* End PBXNativeTarget section */

/* Begin PBXProject section */
		239B997124571B0200D77015 /* Project object */ = {
			isa = PBXProject;
			attributes = {
				LastUpgradeCheck = 1130;
				ORGANIZATIONNAME = SkyRim;
				TargetAttributes = {
					239B999824571B6200D77015 = {
						CreatedOnToolsVersion = 11.3.1;
					};
					239B9A07245EC61700D77015 = {
						CreatedOnToolsVersion = 11.3.1;
					};
					239B9A3A246014DD00D77015 = {
						CreatedOnToolsVersion = 11.3.1;
					};
					239B9A57246075DD00D77015 = {
						CreatedOnToolsVersion = 11.3.1;
					};
					239B9A742461AF4800D77015 = {
						CreatedOnToolsVersion = 11.3.1;
					};
					23F904A424797A8100F0C4E2 = {
						CreatedOnToolsVersion = 11.3.1;
					};
				};
			};
			buildConfigurationList = 239B997424571B0200D77015 /* Build configuration list for PBXProject "LearnOpenGLES" */;
			compatibilityVersion = "Xcode 9.3";
			developmentRegion = en;
			hasScannedForEncodings = 0;
			knownRegions = (
				en,
				Base,
			);
			mainGroup = 239B997024571B0200D77015;
			productRefGroup = 239B997A24571B0200D77015 /* Products */;
			projectDirPath = "";
			projectRoot = "";
			targets = (
				239B999824571B6200D77015 /* Unit1-DrawTriangle */,
				239B9A07245EC61700D77015 /* Unit2-VertexAttributes */,
				239B9A3A246014DD00D77015 /* Unit3-Instancies */,
				239B9A57246075DD00D77015 /* Unit4.1-Transition */,
				239B9A742461AF4800D77015 /* Unit5-Texture */,
				23F904A424797A8100F0C4E2 /* GPUImage-RenderUseFramebuffer */,
			);
		};
/* End PBXProject section */

/* Begin PBXResourcesBuildPhase section */
		239B999724571B6200D77015 /* Resources */ = {
			isa = PBXResourcesBuildPhase;
			buildActionMask = 2147483647;
			files = (
				239B99AB24571B6300D77015 /* LaunchScreen.storyboard in Resources */,
				239B99A824571B6300D77015 /* Assets.xcassets in Resources */,
				239B99A624571B6200D77015 /* Main.storyboard in Resources */,
			);
			runOnlyForDeploymentPostprocessing = 0;
		};
		239B9A06245EC61700D77015 /* Resources */ = {
			isa = PBXResourcesBuildPhase;
			buildActionMask = 2147483647;
			files = (
				239B9A32245EC63E00D77015 /* Main.storyboard in Resources */,
				239B9A2F245EC63E00D77015 /* Assets.xcassets in Resources */,
				239B9A31245EC63E00D77015 /* LaunchScreen.storyboard in Resources */,
			);
			runOnlyForDeploymentPostprocessing = 0;
		};
		239B9A39246014DD00D77015 /* Resources */ = {
			isa = PBXResourcesBuildPhase;
			buildActionMask = 2147483647;
			files = (
				239B9A4D246014DE00D77015 /* LaunchScreen.storyboard in Resources */,
				239B9A4A246014DE00D77015 /* Assets.xcassets in Resources */,
				239B9A48246014DD00D77015 /* Main.storyboard in Resources */,
			);
			runOnlyForDeploymentPostprocessing = 0;
		};
		239B9A56246075DD00D77015 /* Resources */ = {
			isa = PBXResourcesBuildPhase;
			buildActionMask = 2147483647;
			files = (
				239B9A6A246075DE00D77015 /* LaunchScreen.storyboard in Resources */,
				239B9A67246075DE00D77015 /* Assets.xcassets in Resources */,
				239B9A65246075DD00D77015 /* Main.storyboard in Resources */,
			);
			runOnlyForDeploymentPostprocessing = 0;
		};
		239B9A732461AF4800D77015 /* Resources */ = {
			isa = PBXResourcesBuildPhase;
			buildActionMask = 2147483647;
			files = (
				239B9A872461AF4900D77015 /* LaunchScreen.storyboard in Resources */,
				239B9A842461AF4900D77015 /* Assets.xcassets in Resources */,
				239B9A822461AF4800D77015 /* Main.storyboard in Resources */,
				239B9A8F2461B0D900D77015 /* wall.jpg in Resources */,
			);
			runOnlyForDeploymentPostprocessing = 0;
		};
		23F904A324797A8100F0C4E2 /* Resources */ = {
			isa = PBXResourcesBuildPhase;
			buildActionMask = 2147483647;
			files = (
				23F904B724797A8200F0C4E2 /* LaunchScreen.storyboard in Resources */,
				23F904B424797A8200F0C4E2 /* Assets.xcassets in Resources */,
				23F904B224797A8100F0C4E2 /* Main.storyboard in Resources */,
				23F904C124798BAA00F0C4E2 /* wall.jpg in Resources */,
			);
			runOnlyForDeploymentPostprocessing = 0;
		};
/* End PBXResourcesBuildPhase section */

/* Begin PBXSourcesBuildPhase section */
		239B999524571B6200D77015 /* Sources */ = {
			isa = PBXSourcesBuildPhase;
			buildActionMask = 2147483647;
			files = (
				239B99A324571B6200D77015 /* ViewController.m in Sources */,
				239B999D24571B6200D77015 /* AppDelegate.m in Sources */,
				239B99AE24571B6300D77015 /* main.m in Sources */,
				239B99A024571B6200D77015 /* SceneDelegate.m in Sources */,
			);
			runOnlyForDeploymentPostprocessing = 0;
		};
		239B9A04245EC61700D77015 /* Sources */ = {
			isa = PBXSourcesBuildPhase;
			buildActionMask = 2147483647;
			files = (
				239B9A36245EC63E00D77015 /* AppDelegate.m in Sources */,
				239B9A35245EC63E00D77015 /* ViewController.m in Sources */,
				239B9A30245EC63E00D77015 /* main.m in Sources */,
				239B9A33245EC63E00D77015 /* SceneDelegate.m in Sources */,
			);
			runOnlyForDeploymentPostprocessing = 0;
		};
		239B9A37246014DD00D77015 /* Sources */ = {
			isa = PBXSourcesBuildPhase;
			buildActionMask = 2147483647;
			files = (
				239B9A45246014DD00D77015 /* ViewController.m in Sources */,
				239B9A3F246014DD00D77015 /* AppDelegate.m in Sources */,
				239B9A50246014DE00D77015 /* main.m in Sources */,
				239B9A42246014DD00D77015 /* SceneDelegate.m in Sources */,
			);
			runOnlyForDeploymentPostprocessing = 0;
		};
		239B9A54246075DD00D77015 /* Sources */ = {
			isa = PBXSourcesBuildPhase;
			buildActionMask = 2147483647;
			files = (
				239B9A62246075DD00D77015 /* ViewController.m in Sources */,
				239B9A5C246075DD00D77015 /* AppDelegate.m in Sources */,
				239B9A6D246075DE00D77015 /* main.m in Sources */,
				239B9A5F246075DD00D77015 /* SceneDelegate.m in Sources */,
			);
			runOnlyForDeploymentPostprocessing = 0;
		};
		239B9A712461AF4800D77015 /* Sources */ = {
			isa = PBXSourcesBuildPhase;
			buildActionMask = 2147483647;
			files = (
				239B9A7F2461AF4800D77015 /* ViewController.m in Sources */,
				239B9A792461AF4800D77015 /* AppDelegate.m in Sources */,
				239B9A8A2461AF4900D77015 /* main.m in Sources */,
				239B9A7C2461AF4800D77015 /* SceneDelegate.m in Sources */,
			);
			runOnlyForDeploymentPostprocessing = 0;
		};
		23F904A124797A8100F0C4E2 /* Sources */ = {
			isa = PBXSourcesBuildPhase;
			buildActionMask = 2147483647;
			files = (
				2340993E247AC864006FF8BE /* ColorInverseFilter.m in Sources */,
				23F904AF24797A8100F0C4E2 /* ViewController.m in Sources */,
				23F904C024797A9D00F0C4E2 /* RenderView.m in Sources */,
				23F904A924797A8100F0C4E2 /* AppDelegate.m in Sources */,
				23F904BA24797A8200F0C4E2 /* main.m in Sources */,
				2340993B247AB274006FF8BE /* BrightnessFilter.m in Sources */,
				23F904AC24797A8100F0C4E2 /* SceneDelegate.m in Sources */,
			);
			runOnlyForDeploymentPostprocessing = 0;
		};
/* End PBXSourcesBuildPhase section */

/* Begin PBXVariantGroup section */
		239B99A424571B6200D77015 /* Main.storyboard */ = {
			isa = PBXVariantGroup;
			children = (
				239B99A524571B6200D77015 /* Base */,
			);
			name = Main.storyboard;
			sourceTree = "<group>";
		};
		239B99A924571B6300D77015 /* LaunchScreen.storyboard */ = {
			isa = PBXVariantGroup;
			children = (
				239B99AA24571B6300D77015 /* Base */,
			);
			name = LaunchScreen.storyboard;
			sourceTree = "<group>";
		};
		239B9A24245EC63E00D77015 /* LaunchScreen.storyboard */ = {
			isa = PBXVariantGroup;
			children = (
				239B9A25245EC63E00D77015 /* Base */,
			);
			name = LaunchScreen.storyboard;
			sourceTree = "<group>";
		};
		239B9A26245EC63E00D77015 /* Main.storyboard */ = {
			isa = PBXVariantGroup;
			children = (
				239B9A27245EC63E00D77015 /* Base */,
			);
			name = Main.storyboard;
			sourceTree = "<group>";
		};
		239B9A46246014DD00D77015 /* Main.storyboard */ = {
			isa = PBXVariantGroup;
			children = (
				239B9A47246014DD00D77015 /* Base */,
			);
			name = Main.storyboard;
			sourceTree = "<group>";
		};
		239B9A4B246014DE00D77015 /* LaunchScreen.storyboard */ = {
			isa = PBXVariantGroup;
			children = (
				239B9A4C246014DE00D77015 /* Base */,
			);
			name = LaunchScreen.storyboard;
			sourceTree = "<group>";
		};
		239B9A63246075DD00D77015 /* Main.storyboard */ = {
			isa = PBXVariantGroup;
			children = (
				239B9A64246075DD00D77015 /* Base */,
			);
			name = Main.storyboard;
			sourceTree = "<group>";
		};
		239B9A68246075DE00D77015 /* LaunchScreen.storyboard */ = {
			isa = PBXVariantGroup;
			children = (
				239B9A69246075DE00D77015 /* Base */,
			);
			name = LaunchScreen.storyboard;
			sourceTree = "<group>";
		};
		239B9A802461AF4800D77015 /* Main.storyboard */ = {
			isa = PBXVariantGroup;
			children = (
				239B9A812461AF4800D77015 /* Base */,
			);
			name = Main.storyboard;
			sourceTree = "<group>";
		};
		239B9A852461AF4900D77015 /* LaunchScreen.storyboard */ = {
			isa = PBXVariantGroup;
			children = (
				239B9A862461AF4900D77015 /* Base */,
			);
			name = LaunchScreen.storyboard;
			sourceTree = "<group>";
		};
		23F904B024797A8100F0C4E2 /* Main.storyboard */ = {
			isa = PBXVariantGroup;
			children = (
				23F904B124797A8100F0C4E2 /* Base */,
			);
			name = Main.storyboard;
			sourceTree = "<group>";
		};
		23F904B524797A8200F0C4E2 /* LaunchScreen.storyboard */ = {
			isa = PBXVariantGroup;
			children = (
				23F904B624797A8200F0C4E2 /* Base */,
			);
			name = LaunchScreen.storyboard;
			sourceTree = "<group>";
		};
/* End PBXVariantGroup section */

/* Begin XCBuildConfiguration section */
		239B999024571B0400D77015 /* Debug */ = {
			isa = XCBuildConfiguration;
			buildSettings = {
				ALWAYS_SEARCH_USER_PATHS = NO;
				CLANG_ANALYZER_NONNULL = YES;
				CLANG_ANALYZER_NUMBER_OBJECT_CONVERSION = YES_AGGRESSIVE;
				CLANG_CXX_LANGUAGE_STANDARD = "gnu++14";
				CLANG_CXX_LIBRARY = "libc++";
				CLANG_ENABLE_MODULES = YES;
				CLANG_ENABLE_OBJC_ARC = YES;
				CLANG_ENABLE_OBJC_WEAK = YES;
				CLANG_WARN_BLOCK_CAPTURE_AUTORELEASING = YES;
				CLANG_WARN_BOOL_CONVERSION = YES;
				CLANG_WARN_COMMA = YES;
				CLANG_WARN_CONSTANT_CONVERSION = YES;
				CLANG_WARN_DEPRECATED_OBJC_IMPLEMENTATIONS = YES;
				CLANG_WARN_DIRECT_OBJC_ISA_USAGE = YES_ERROR;
				CLANG_WARN_DOCUMENTATION_COMMENTS = YES;
				CLANG_WARN_EMPTY_BODY = YES;
				CLANG_WARN_ENUM_CONVERSION = YES;
				CLANG_WARN_INFINITE_RECURSION = YES;
				CLANG_WARN_INT_CONVERSION = YES;
				CLANG_WARN_NON_LITERAL_NULL_CONVERSION = YES;
				CLANG_WARN_OBJC_IMPLICIT_RETAIN_SELF = YES;
				CLANG_WARN_OBJC_LITERAL_CONVERSION = YES;
				CLANG_WARN_OBJC_ROOT_CLASS = YES_ERROR;
				CLANG_WARN_RANGE_LOOP_ANALYSIS = YES;
				CLANG_WARN_STRICT_PROTOTYPES = YES;
				CLANG_WARN_SUSPICIOUS_MOVE = YES;
				CLANG_WARN_UNGUARDED_AVAILABILITY = YES_AGGRESSIVE;
				CLANG_WARN_UNREACHABLE_CODE = YES;
				CLANG_WARN__DUPLICATE_METHOD_MATCH = YES;
				COPY_PHASE_STRIP = NO;
				DEBUG_INFORMATION_FORMAT = dwarf;
				ENABLE_STRICT_OBJC_MSGSEND = YES;
				ENABLE_TESTABILITY = YES;
				GCC_C_LANGUAGE_STANDARD = gnu11;
				GCC_DYNAMIC_NO_PIC = NO;
				GCC_NO_COMMON_BLOCKS = YES;
				GCC_OPTIMIZATION_LEVEL = 0;
				GCC_PREPROCESSOR_DEFINITIONS = (
					"DEBUG=1",
					"$(inherited)",
				);
				GCC_WARN_64_TO_32_BIT_CONVERSION = YES;
				GCC_WARN_ABOUT_RETURN_TYPE = YES_ERROR;
				GCC_WARN_UNDECLARED_SELECTOR = YES;
				GCC_WARN_UNINITIALIZED_AUTOS = YES_AGGRESSIVE;
				GCC_WARN_UNUSED_FUNCTION = YES;
				GCC_WARN_UNUSED_VARIABLE = YES;
				IPHONEOS_DEPLOYMENT_TARGET = 13.2;
				MTL_ENABLE_DEBUG_INFO = INCLUDE_SOURCE;
				MTL_FAST_MATH = YES;
				ONLY_ACTIVE_ARCH = YES;
				SDKROOT = iphoneos;
			};
			name = Debug;
		};
		239B999124571B0400D77015 /* Release */ = {
			isa = XCBuildConfiguration;
			buildSettings = {
				ALWAYS_SEARCH_USER_PATHS = NO;
				CLANG_ANALYZER_NONNULL = YES;
				CLANG_ANALYZER_NUMBER_OBJECT_CONVERSION = YES_AGGRESSIVE;
				CLANG_CXX_LANGUAGE_STANDARD = "gnu++14";
				CLANG_CXX_LIBRARY = "libc++";
				CLANG_ENABLE_MODULES = YES;
				CLANG_ENABLE_OBJC_ARC = YES;
				CLANG_ENABLE_OBJC_WEAK = YES;
				CLANG_WARN_BLOCK_CAPTURE_AUTORELEASING = YES;
				CLANG_WARN_BOOL_CONVERSION = YES;
				CLANG_WARN_COMMA = YES;
				CLANG_WARN_CONSTANT_CONVERSION = YES;
				CLANG_WARN_DEPRECATED_OBJC_IMPLEMENTATIONS = YES;
				CLANG_WARN_DIRECT_OBJC_ISA_USAGE = YES_ERROR;
				CLANG_WARN_DOCUMENTATION_COMMENTS = YES;
				CLANG_WARN_EMPTY_BODY = YES;
				CLANG_WARN_ENUM_CONVERSION = YES;
				CLANG_WARN_INFINITE_RECURSION = YES;
				CLANG_WARN_INT_CONVERSION = YES;
				CLANG_WARN_NON_LITERAL_NULL_CONVERSION = YES;
				CLANG_WARN_OBJC_IMPLICIT_RETAIN_SELF = YES;
				CLANG_WARN_OBJC_LITERAL_CONVERSION = YES;
				CLANG_WARN_OBJC_ROOT_CLASS = YES_ERROR;
				CLANG_WARN_RANGE_LOOP_ANALYSIS = YES;
				CLANG_WARN_STRICT_PROTOTYPES = YES;
				CLANG_WARN_SUSPICIOUS_MOVE = YES;
				CLANG_WARN_UNGUARDED_AVAILABILITY = YES_AGGRESSIVE;
				CLANG_WARN_UNREACHABLE_CODE = YES;
				CLANG_WARN__DUPLICATE_METHOD_MATCH = YES;
				COPY_PHASE_STRIP = NO;
				DEBUG_INFORMATION_FORMAT = "dwarf-with-dsym";
				ENABLE_NS_ASSERTIONS = NO;
				ENABLE_STRICT_OBJC_MSGSEND = YES;
				GCC_C_LANGUAGE_STANDARD = gnu11;
				GCC_NO_COMMON_BLOCKS = YES;
				GCC_WARN_64_TO_32_BIT_CONVERSION = YES;
				GCC_WARN_ABOUT_RETURN_TYPE = YES_ERROR;
				GCC_WARN_UNDECLARED_SELECTOR = YES;
				GCC_WARN_UNINITIALIZED_AUTOS = YES_AGGRESSIVE;
				GCC_WARN_UNUSED_FUNCTION = YES;
				GCC_WARN_UNUSED_VARIABLE = YES;
				IPHONEOS_DEPLOYMENT_TARGET = 13.2;
				MTL_ENABLE_DEBUG_INFO = NO;
				MTL_FAST_MATH = YES;
				SDKROOT = iphoneos;
				VALIDATE_PRODUCT = YES;
			};
			name = Release;
		};
		239B99B024571B6300D77015 /* Debug */ = {
			isa = XCBuildConfiguration;
			buildSettings = {
				ASSETCATALOG_COMPILER_APPICON_NAME = AppIcon;
				CODE_SIGN_STYLE = Automatic;
				DEVELOPMENT_TEAM = E4BLV3BBQ2;
				INFOPLIST_FILE = "Unit1-DrawTriangle/Info.plist";
				IPHONEOS_DEPLOYMENT_TARGET = 10.0;
				LD_RUNPATH_SEARCH_PATHS = (
					"$(inherited)",
					"@executable_path/Frameworks",
				);
				PRODUCT_BUNDLE_IDENTIFIER = "com.latorex.Unit1-DrawTriangle";
				PRODUCT_NAME = "$(TARGET_NAME)";
				TARGETED_DEVICE_FAMILY = "1,2";
			};
			name = Debug;
		};
		239B99B124571B6300D77015 /* Release */ = {
			isa = XCBuildConfiguration;
			buildSettings = {
				ASSETCATALOG_COMPILER_APPICON_NAME = AppIcon;
				CODE_SIGN_STYLE = Automatic;
				DEVELOPMENT_TEAM = E4BLV3BBQ2;
				INFOPLIST_FILE = "Unit1-DrawTriangle/Info.plist";
				IPHONEOS_DEPLOYMENT_TARGET = 10.0;
				LD_RUNPATH_SEARCH_PATHS = (
					"$(inherited)",
					"@executable_path/Frameworks",
				);
				PRODUCT_BUNDLE_IDENTIFIER = "com.latorex.Unit1-DrawTriangle";
				PRODUCT_NAME = "$(TARGET_NAME)";
				TARGETED_DEVICE_FAMILY = "1,2";
			};
			name = Release;
		};
		239B9A1F245EC61700D77015 /* Debug */ = {
			isa = XCBuildConfiguration;
			buildSettings = {
				ASSETCATALOG_COMPILER_APPICON_NAME = AppIcon;
				CODE_SIGN_STYLE = Automatic;
				DEVELOPMENT_TEAM = E4BLV3BBQ2;
				INFOPLIST_FILE = "Unit2-VertexAttributes/Info.plist";
				IPHONEOS_DEPLOYMENT_TARGET = 10.0;
				LD_RUNPATH_SEARCH_PATHS = (
					"$(inherited)",
					"@executable_path/Frameworks",
				);
				PRODUCT_BUNDLE_IDENTIFIER = "com.latorex.Unit2-VertexAttributes";
				PRODUCT_NAME = "$(TARGET_NAME)";
				TARGETED_DEVICE_FAMILY = "1,2";
			};
			name = Debug;
		};
		239B9A20245EC61700D77015 /* Release */ = {
			isa = XCBuildConfiguration;
			buildSettings = {
				ASSETCATALOG_COMPILER_APPICON_NAME = AppIcon;
				CODE_SIGN_STYLE = Automatic;
				DEVELOPMENT_TEAM = E4BLV3BBQ2;
				INFOPLIST_FILE = "Unit2-VertexAttributes/Info.plist";
				IPHONEOS_DEPLOYMENT_TARGET = 10.0;
				LD_RUNPATH_SEARCH_PATHS = (
					"$(inherited)",
					"@executable_path/Frameworks",
				);
				PRODUCT_BUNDLE_IDENTIFIER = "com.latorex.Unit2-VertexAttributes";
				PRODUCT_NAME = "$(TARGET_NAME)";
				TARGETED_DEVICE_FAMILY = "1,2";
			};
			name = Release;
		};
		239B9A51246014DE00D77015 /* Debug */ = {
			isa = XCBuildConfiguration;
			buildSettings = {
				ASSETCATALOG_COMPILER_APPICON_NAME = AppIcon;
				CODE_SIGN_STYLE = Automatic;
				DEVELOPMENT_TEAM = E4BLV3BBQ2;
				INFOPLIST_FILE = "Unit3-Instancies/Info.plist";
				IPHONEOS_DEPLOYMENT_TARGET = 10.0;
				LD_RUNPATH_SEARCH_PATHS = (
					"$(inherited)",
					"@executable_path/Frameworks",
				);
				PRODUCT_BUNDLE_IDENTIFIER = "com.latorex.Unit3-Instancies";
				PRODUCT_NAME = "$(TARGET_NAME)";
				TARGETED_DEVICE_FAMILY = "1,2";
			};
			name = Debug;
		};
		239B9A52246014DE00D77015 /* Release */ = {
			isa = XCBuildConfiguration;
			buildSettings = {
				ASSETCATALOG_COMPILER_APPICON_NAME = AppIcon;
				CODE_SIGN_STYLE = Automatic;
				DEVELOPMENT_TEAM = E4BLV3BBQ2;
				INFOPLIST_FILE = "Unit3-Instancies/Info.plist";
				IPHONEOS_DEPLOYMENT_TARGET = 10.0;
				LD_RUNPATH_SEARCH_PATHS = (
					"$(inherited)",
					"@executable_path/Frameworks",
				);
				PRODUCT_BUNDLE_IDENTIFIER = "com.latorex.Unit3-Instancies";
				PRODUCT_NAME = "$(TARGET_NAME)";
				TARGETED_DEVICE_FAMILY = "1,2";
			};
			name = Release;
		};
		239B9A6E246075DE00D77015 /* Debug */ = {
			isa = XCBuildConfiguration;
			buildSettings = {
				ASSETCATALOG_COMPILER_APPICON_NAME = AppIcon;
				CODE_SIGN_STYLE = Automatic;
				DEVELOPMENT_TEAM = E4BLV3BBQ2;
				INFOPLIST_FILE = "Unit4.1-Transition/Info.plist";
				IPHONEOS_DEPLOYMENT_TARGET = 10.0;
				LD_RUNPATH_SEARCH_PATHS = (
					"$(inherited)",
					"@executable_path/Frameworks",
				);
				PRODUCT_BUNDLE_IDENTIFIER = "com.latorex.Unit4-1-Transition";
				PRODUCT_NAME = "$(TARGET_NAME)";
				TARGETED_DEVICE_FAMILY = "1,2";
			};
			name = Debug;
		};
		239B9A6F246075DE00D77015 /* Release */ = {
			isa = XCBuildConfiguration;
			buildSettings = {
				ASSETCATALOG_COMPILER_APPICON_NAME = AppIcon;
				CODE_SIGN_STYLE = Automatic;
				DEVELOPMENT_TEAM = E4BLV3BBQ2;
				INFOPLIST_FILE = "Unit4.1-Transition/Info.plist";
				IPHONEOS_DEPLOYMENT_TARGET = 10.0;
				LD_RUNPATH_SEARCH_PATHS = (
					"$(inherited)",
					"@executable_path/Frameworks",
				);
				PRODUCT_BUNDLE_IDENTIFIER = "com.latorex.Unit4-1-Transition";
				PRODUCT_NAME = "$(TARGET_NAME)";
				TARGETED_DEVICE_FAMILY = "1,2";
			};
			name = Release;
		};
		239B9A8B2461AF4900D77015 /* Debug */ = {
			isa = XCBuildConfiguration;
			buildSettings = {
				ASSETCATALOG_COMPILER_APPICON_NAME = AppIcon;
				CODE_SIGN_STYLE = Automatic;
				DEVELOPMENT_TEAM = E4BLV3BBQ2;
				INFOPLIST_FILE = "Unit5-Texture/Info.plist";
				IPHONEOS_DEPLOYMENT_TARGET = 10.0;
				LD_RUNPATH_SEARCH_PATHS = (
					"$(inherited)",
					"@executable_path/Frameworks",
				);
				PRODUCT_BUNDLE_IDENTIFIER = "com.latorex.Unit5-Texture";
				PRODUCT_NAME = "$(TARGET_NAME)";
				TARGETED_DEVICE_FAMILY = "1,2";
			};
			name = Debug;
		};
		239B9A8C2461AF4900D77015 /* Release */ = {
			isa = XCBuildConfiguration;
			buildSettings = {
				ASSETCATALOG_COMPILER_APPICON_NAME = AppIcon;
				CODE_SIGN_STYLE = Automatic;
				DEVELOPMENT_TEAM = E4BLV3BBQ2;
				INFOPLIST_FILE = "Unit5-Texture/Info.plist";
				IPHONEOS_DEPLOYMENT_TARGET = 10.0;
				LD_RUNPATH_SEARCH_PATHS = (
					"$(inherited)",
					"@executable_path/Frameworks",
				);
				PRODUCT_BUNDLE_IDENTIFIER = "com.latorex.Unit5-Texture";
				PRODUCT_NAME = "$(TARGET_NAME)";
				TARGETED_DEVICE_FAMILY = "1,2";
			};
			name = Release;
		};
		23F904BB24797A8200F0C4E2 /* Debug */ = {
			isa = XCBuildConfiguration;
			buildSettings = {
				ASSETCATALOG_COMPILER_APPICON_NAME = AppIcon;
				CODE_SIGN_STYLE = Automatic;
				DEVELOPMENT_TEAM = E4BLV3BBQ2;
				INFOPLIST_FILE = "GPUImage-RenderUseFramebuffer/Info.plist";
				IPHONEOS_DEPLOYMENT_TARGET = 10.0;
				LD_RUNPATH_SEARCH_PATHS = (
					"$(inherited)",
					"@executable_path/Frameworks",
				);
				PRODUCT_BUNDLE_IDENTIFIER = "com.latorex.GPUImage-RenderUseFramebuffer";
				PRODUCT_NAME = "$(TARGET_NAME)";
				TARGETED_DEVICE_FAMILY = "1,2";
			};
			name = Debug;
		};
		23F904BC24797A8200F0C4E2 /* Release */ = {
			isa = XCBuildConfiguration;
			buildSettings = {
				ASSETCATALOG_COMPILER_APPICON_NAME = AppIcon;
				CODE_SIGN_STYLE = Automatic;
				DEVELOPMENT_TEAM = E4BLV3BBQ2;
				INFOPLIST_FILE = "GPUImage-RenderUseFramebuffer/Info.plist";
				IPHONEOS_DEPLOYMENT_TARGET = 10.0;
				LD_RUNPATH_SEARCH_PATHS = (
					"$(inherited)",
					"@executable_path/Frameworks",
				);
				PRODUCT_BUNDLE_IDENTIFIER = "com.latorex.GPUImage-RenderUseFramebuffer";
				PRODUCT_NAME = "$(TARGET_NAME)";
				TARGETED_DEVICE_FAMILY = "1,2";
			};
			name = Release;
		};
/* End XCBuildConfiguration section */

/* Begin XCConfigurationList section */
		239B997424571B0200D77015 /* Build configuration list for PBXProject "LearnOpenGLES" */ = {
			isa = XCConfigurationList;
			buildConfigurations = (
				239B999024571B0400D77015 /* Debug */,
				239B999124571B0400D77015 /* Release */,
			);
			defaultConfigurationIsVisible = 0;
			defaultConfigurationName = Release;
		};
		239B99AF24571B6300D77015 /* Build configuration list for PBXNativeTarget "Unit1-DrawTriangle" */ = {
			isa = XCConfigurationList;
			buildConfigurations = (
				239B99B024571B6300D77015 /* Debug */,
				239B99B124571B6300D77015 /* Release */,
			);
			defaultConfigurationIsVisible = 0;
			defaultConfigurationName = Release;
		};
		239B9A1E245EC61700D77015 /* Build configuration list for PBXNativeTarget "Unit2-VertexAttributes" */ = {
			isa = XCConfigurationList;
			buildConfigurations = (
				239B9A1F245EC61700D77015 /* Debug */,
				239B9A20245EC61700D77015 /* Release */,
			);
			defaultConfigurationIsVisible = 0;
			defaultConfigurationName = Release;
		};
		239B9A53246014DE00D77015 /* Build configuration list for PBXNativeTarget "Unit3-Instancies" */ = {
			isa = XCConfigurationList;
			buildConfigurations = (
				239B9A51246014DE00D77015 /* Debug */,
				239B9A52246014DE00D77015 /* Release */,
			);
			defaultConfigurationIsVisible = 0;
			defaultConfigurationName = Release;
		};
		239B9A70246075DE00D77015 /* Build configuration list for PBXNativeTarget "Unit4.1-Transition" */ = {
			isa = XCConfigurationList;
			buildConfigurations = (
				239B9A6E246075DE00D77015 /* Debug */,
				239B9A6F246075DE00D77015 /* Release */,
			);
			defaultConfigurationIsVisible = 0;
			defaultConfigurationName = Release;
		};
		239B9A8D2461AF4900D77015 /* Build configuration list for PBXNativeTarget "Unit5-Texture" */ = {
			isa = XCConfigurationList;
			buildConfigurations = (
				239B9A8B2461AF4900D77015 /* Debug */,
				239B9A8C2461AF4900D77015 /* Release */,
			);
			defaultConfigurationIsVisible = 0;
			defaultConfigurationName = Release;
		};
		23F904BD24797A8200F0C4E2 /* Build configuration list for PBXNativeTarget "GPUImage-RenderUseFramebuffer" */ = {
			isa = XCConfigurationList;
			buildConfigurations = (
				23F904BB24797A8200F0C4E2 /* Debug */,
				23F904BC24797A8200F0C4E2 /* Release */,
			);
			defaultConfigurationIsVisible = 0;
			defaultConfigurationName = Release;
		};
/* End XCConfigurationList section */
	};
	rootObject = 239B997124571B0200D77015 /* Project object */;
}
